<?xml version="1.0" encoding="utf-8"?>
<Project ToolsVersion="4.0" xmlns="http://schemas.microsoft.com/developer/msbuild/2003">
  <ItemGroup>
    <Filter Include="Header Files">
      <UniqueIdentifier>{93995380-89BD-4b04-88EB-625FBE52EBFB}</UniqueIdentifier>
      <Extensions>h;hh;hpp;hxx;h++;hm;inl;inc;ipp;xsd</Extensions>
    </Filter>
    <Filter Include="Source Files">
      <UniqueIdentifier>{4FC737F1-C7A5-4376-A066-2A32D752A2FF}</UniqueIdentifier>
      <Extensions>cpp;c;cc;cxx;c++;cppm;ixx;def;odl;idl;hpj;bat;asm;asmx</Extensions>
    </Filter>
    <Filter Include="Resource Files">
      <UniqueIdentifier>{67DA6AB6-F800-4c08-8B7A-83BB121AAD01}</UniqueIdentifier>
      <Extensions>rc;ico;cur;bmp;dlg;rc2;rct;bin;rgs;gif;jpg;jpeg;jpe;resx;tiff;tif;png;wav;mfcribbon-ms</Extensions>
    </Filter>
  </ItemGroup>
  <ItemGroup>
    <ClCompile Include="abs.c">
      <Filter>Source Files</Filter>
    </ClCompile>
    <ClCompile Include="aors.c">
      <Filter>Source Files</Filter>
    </ClCompile>
    <ClCompile Include="canonicalize.c">
      <Filter>Source Files</Filter>
    </ClCompile>
    <ClCompile Include="clear.c">
      <Filter>Source Files</Filter>
    </ClCompile>
    <ClCompile Include="clears.c">
      <Filter>Source Files</Filter>
    </ClCompile>
    <ClCompile Include="cmp.c">
      <Filter>Source Files</Filter>
    </ClCompile>
    <ClCompile Include="cmp_si.c">
      <Filter>Source Files</Filter>
    </ClCompile>
    <ClCompile Include="cmp_ui.c">
      <Filter>Source Files</Filter>
    </ClCompile>
    <ClCompile Include="div.c">
      <Filter>Source Files</Filter>
    </ClCompile>
    <ClCompile Include="equal.c">
      <Filter>Source Files</Filter>
    </ClCompile>
    <ClCompile Include="get_d.c">
      <Filter>Source Files</Filter>
    </ClCompile>
    <ClCompile Include="get_den.c">
      <Filter>Source Files</Filter>
    </ClCompile>
    <ClCompile Include="get_num.c">
      <Filter>Source Files</Filter>
    </ClCompile>
    <ClCompile Include="get_str.c">
      <Filter>Source Files</Filter>
    </ClCompile>
    <ClCompile Include="init.c">
      <Filter>Source Files</Filter>
    </ClCompile>
    <ClCompile Include="inits.c">
      <Filter>Source Files</Filter>
    </ClCompile>
    <ClCompile Include="inp_str.c">
      <Filter>Source Files</Filter>
    </ClCompile>
    <ClCompile Include="inv.c">
      <Filter>Source Files</Filter>
    </ClCompile>
    <ClCompile Include="md_2exp.c">
      <Filter>Source Files</Filter>
    </ClCompile>
    <ClCompile Include="mul.c">
      <Filter>Source Files</Filter>
    </ClCompile>
    <ClCompile Include="neg.c">
      <Filter>Source Files</Filter>
    </ClCompile>
    <ClCompile Include="out_str.c">
      <Filter>Source Files</Filter>
    </ClCompile>
    <ClCompile Include="set.c">
      <Filter>Source Files</Filter>
    </ClCompile>
    <ClCompile Include="set_d.c">
      <Filter>Source Files</Filter>
    </ClCompile>
    <ClCompile Include="set_den.c">
      <Filter>Source Files</Filter>
    </ClCompile>
    <ClCompile Include="set_f.c">
      <Filter>Source Files</Filter>
    </ClCompile>
    <ClCompile Include="set_num.c">
      <Filter>Source Files</Filter>
    </ClCompile>
    <ClCompile Include="set_si.c">
      <Filter>Source Files</Filter>
    </ClCompile>
    <ClCompile Include="set_str.c">
      <Filter>Source Files</Filter>
    </ClCompile>
    <ClCompile Include="set_ui.c">
      <Filter>Source Files</Filter>
    </ClCompile>
    <ClCompile Include="set_z.c">
      <Filter>Source Files</Filter>
    </ClCompile>
    <ClCompile Include="swap.c">
      <Filter>Source Files</Filter>
    </ClCompile>
  </ItemGroup>
</Project>