<?xml version="1.0" encoding="utf-8"?>
<Project ToolsVersion="4.0" xmlns="http://schemas.microsoft.com/developer/msbuild/2003">
  <ItemGroup>
    <Filter Include="资源文件">
      <UniqueIdentifier>{67DA6AB6-F800-4c08-8B7A-83BB121AAD01}</UniqueIdentifier>
      <Extensions>rc;ico;cur;bmp;dlg;rc2;rct;bin;rgs;gif;jpg;jpeg;jpe;resx;tiff;tif;png;wav;mfcribbon-ms</Extensions>
    </Filter>
    <Filter Include="Header Files">
      <UniqueIdentifier>{93995380-89BD-4b04-88EB-625FBE52EBFB}</UniqueIdentifier>
      <Extensions>h;hh;hpp;hxx;h++;hm;inl;inc;ipp;xsd</Extensions>
    </Filter>
    <Filter Include="Source Files">
      <UniqueIdentifier>{4FC737F1-C7A5-4376-A066-2A32D752A2FF}</UniqueIdentifier>
      <Extensions>cpp;c;cc;cxx;c++;cppm;ixx;def;odl;idl;hpj;bat;asm;asmx</Extensions>
    </Filter>
  </ItemGroup>
  <ItemGroup>
    <ClInclude Include="mul_i.h">
      <Filter>Header Files</Filter>
    </ClInclude>
    <ClInclude Include="aors.h">
      <Filter>Header Files</Filter>
    </ClInclude>
    <ClInclude Include="aors_ui.h">
      <Filter>Header Files</Filter>
    </ClInclude>
    <ClInclude Include="fits_s.h">
      <Filter>Header Files</Filter>
    </ClInclude>
  </ItemGroup>
  <ItemGroup>
    <ClCompile Include="mul_si.c">
      <Filter>Source Files</Filter>
    </ClCompile>
    <ClCompile Include="mul_ui.c">
      <Filter>Source Files</Filter>
    </ClCompile>
    <ClCompile Include="n_pow_ui.c">
      <Filter>Source Files</Filter>
    </ClCompile>
    <ClCompile Include="nextprime.c">
      <Filter>Source Files</Filter>
    </ClCompile>
    <ClCompile Include="oddfac_1.c">
      <Filter>Source Files</Filter>
    </ClCompile>
    <ClCompile Include="out_raw.c">
      <Filter>Source Files</Filter>
    </ClCompile>
    <ClCompile Include="out_str.c">
      <Filter>Source Files</Filter>
    </ClCompile>
    <ClCompile Include="perfpow.c">
      <Filter>Source Files</Filter>
    </ClCompile>
    <ClCompile Include="popcount.c">
      <Filter>Source Files</Filter>
    </ClCompile>
    <ClCompile Include="pow_ui.c">
      <Filter>Source Files</Filter>
    </ClCompile>
    <ClCompile Include="powm.c">
      <Filter>Source Files</Filter>
    </ClCompile>
    <ClCompile Include="powm_sec.c">
      <Filter>Source Files</Filter>
    </ClCompile>
    <ClCompile Include="powm_ui.c">
      <Filter>Source Files</Filter>
    </ClCompile>
    <ClCompile Include="primorial_ui.c">
      <Filter>Source Files</Filter>
    </ClCompile>
    <ClCompile Include="prodlimbs.c">
      <Filter>Source Files</Filter>
    </ClCompile>
    <ClCompile Include="random.c">
      <Filter>Source Files</Filter>
    </ClCompile>
    <ClCompile Include="random2.c">
      <Filter>Source Files</Filter>
    </ClCompile>
    <ClCompile Include="realloc.c">
      <Filter>Source Files</Filter>
    </ClCompile>
    <ClCompile Include="realloc2.c">
      <Filter>Source Files</Filter>
    </ClCompile>
    <ClCompile Include="remove.c">
      <Filter>Source Files</Filter>
    </ClCompile>
    <ClCompile Include="roinit_n.c">
      <Filter>Source Files</Filter>
    </ClCompile>
    <ClCompile Include="root.c">
      <Filter>Source Files</Filter>
    </ClCompile>
    <ClCompile Include="rootrem.c">
      <Filter>Source Files</Filter>
    </ClCompile>
    <ClCompile Include="rrandomb.c">
      <Filter>Source Files</Filter>
    </ClCompile>
    <ClCompile Include="scan0.c">
      <Filter>Source Files</Filter>
    </ClCompile>
    <ClCompile Include="scan1.c">
      <Filter>Source Files</Filter>
    </ClCompile>
    <ClCompile Include="set.c">
      <Filter>Source Files</Filter>
    </ClCompile>
    <ClCompile Include="set_d.c">
      <Filter>Source Files</Filter>
    </ClCompile>
    <ClCompile Include="set_f.c">
      <Filter>Source Files</Filter>
    </ClCompile>
    <ClCompile Include="set_q.c">
      <Filter>Source Files</Filter>
    </ClCompile>
    <ClCompile Include="set_si.c">
      <Filter>Source Files</Filter>
    </ClCompile>
    <ClCompile Include="set_str.c">
      <Filter>Source Files</Filter>
    </ClCompile>
    <ClCompile Include="set_ui.c">
      <Filter>Source Files</Filter>
    </ClCompile>
    <ClCompile Include="setbit.c">
      <Filter>Source Files</Filter>
    </ClCompile>
    <ClCompile Include="size.c">
      <Filter>Source Files</Filter>
    </ClCompile>
    <ClCompile Include="sizeinbase.c">
      <Filter>Source Files</Filter>
    </ClCompile>
    <ClCompile Include="sqrt.c">
      <Filter>Source Files</Filter>
    </ClCompile>
    <ClCompile Include="sqrtrem.c">
      <Filter>Source Files</Filter>
    </ClCompile>
    <ClCompile Include="stronglucas.c">
      <Filter>Source Files</Filter>
    </ClCompile>
    <ClCompile Include="sub.c">
      <Filter>Source Files</Filter>
    </ClCompile>
    <ClCompile Include="sub_ui.c">
      <Filter>Source Files</Filter>
    </ClCompile>
    <ClCompile Include="swap.c">
      <Filter>Source Files</Filter>
    </ClCompile>
    <ClCompile Include="tdiv_q.c">
      <Filter>Source Files</Filter>
    </ClCompile>
    <ClCompile Include="tdiv_q_2exp.c">
      <Filter>Source Files</Filter>
    </ClCompile>
    <ClCompile Include="tdiv_q_ui.c">
      <Filter>Source Files</Filter>
    </ClCompile>
    <ClCompile Include="tdiv_qr.c">
      <Filter>Source Files</Filter>
    </ClCompile>
    <ClCompile Include="tdiv_qr_ui.c">
      <Filter>Source Files</Filter>
    </ClCompile>
    <ClCompile Include="tdiv_r.c">
      <Filter>Source Files</Filter>
    </ClCompile>
    <ClCompile Include="tdiv_r_2exp.c">
      <Filter>Source Files</Filter>
    </ClCompile>
    <ClCompile Include="tdiv_r_ui.c">
      <Filter>Source Files</Filter>
    </ClCompile>
    <ClCompile Include="tdiv_ui.c">
      <Filter>Source Files</Filter>
    </ClCompile>
    <ClCompile Include="tstbit.c">
      <Filter>Source Files</Filter>
    </ClCompile>
    <ClCompile Include="ui_pow_ui.c">
      <Filter>Source Files</Filter>
    </ClCompile>
    <ClCompile Include="ui_sub.c">
      <Filter>Source Files</Filter>
    </ClCompile>
    <ClCompile Include="urandomb.c">
      <Filter>Source Files</Filter>
    </ClCompile>
    <ClCompile Include="urandomm.c">
      <Filter>Source Files</Filter>
    </ClCompile>
    <ClCompile Include="xor.c">
      <Filter>Source Files</Filter>
    </ClCompile>
    <ClCompile Include="2fac_ui.c">
      <Filter>Source Files</Filter>
    </ClCompile>
    <ClCompile Include="abs.c">
      <Filter>Source Files</Filter>
    </ClCompile>
    <ClCompile Include="add.c">
      <Filter>Source Files</Filter>
    </ClCompile>
    <ClCompile Include="add_ui.c">
      <Filter>Source Files</Filter>
    </ClCompile>
    <ClCompile Include="and.c">
      <Filter>Source Files</Filter>
    </ClCompile>
    <ClCompile Include="aorsmul.c">
      <Filter>Source Files</Filter>
    </ClCompile>
    <ClCompile Include="array_init.c">
      <Filter>Source Files</Filter>
    </ClCompile>
    <ClCompile Include="bin_ui.c">
      <Filter>Source Files</Filter>
    </ClCompile>
    <ClCompile Include="bin_uiui.c">
      <Filter>Source Files</Filter>
    </ClCompile>
    <ClCompile Include="cdiv_q.c">
      <Filter>Source Files</Filter>
    </ClCompile>
    <ClCompile Include="cdiv_q_ui.c">
      <Filter>Source Files</Filter>
    </ClCompile>
    <ClCompile Include="cdiv_qr.c">
      <Filter>Source Files</Filter>
    </ClCompile>
    <ClCompile Include="cdiv_qr_ui.c">
      <Filter>Source Files</Filter>
    </ClCompile>
    <ClCompile Include="cdiv_r.c">
      <Filter>Source Files</Filter>
    </ClCompile>
    <ClCompile Include="cdiv_r_ui.c">
      <Filter>Source Files</Filter>
    </ClCompile>
    <ClCompile Include="cdiv_ui.c">
      <Filter>Source Files</Filter>
    </ClCompile>
    <ClCompile Include="cfdiv_q_2exp.c">
      <Filter>Source Files</Filter>
    </ClCompile>
    <ClCompile Include="cfdiv_r_2exp.c">
      <Filter>Source Files</Filter>
    </ClCompile>
    <ClCompile Include="clear.c">
      <Filter>Source Files</Filter>
    </ClCompile>
    <ClCompile Include="clears.c">
      <Filter>Source Files</Filter>
    </ClCompile>
    <ClCompile Include="clrbit.c">
      <Filter>Source Files</Filter>
    </ClCompile>
    <ClCompile Include="cmp.c">
      <Filter>Source Files</Filter>
    </ClCompile>
    <ClCompile Include="cmp_d.c">
      <Filter>Source Files</Filter>
    </ClCompile>
    <ClCompile Include="cmp_si.c">
      <Filter>Source Files</Filter>
    </ClCompile>
    <ClCompile Include="cmp_ui.c">
      <Filter>Source Files</Filter>
    </ClCompile>
    <ClCompile Include="cmpabs.c">
      <Filter>Source Files</Filter>
    </ClCompile>
    <ClCompile Include="cmpabs_d.c">
      <Filter>Source Files</Filter>
    </ClCompile>
    <ClCompile Include="cmpabs_ui.c">
      <Filter>Source Files</Filter>
    </ClCompile>
    <ClCompile Include="com.c">
      <Filter>Source Files</Filter>
    </ClCompile>
    <ClCompile Include="combit.c">
      <Filter>Source Files</Filter>
    </ClCompile>
    <ClCompile Include="cong.c">
      <Filter>Source Files</Filter>
    </ClCompile>
    <ClCompile Include="cong_2exp.c">
      <Filter>Source Files</Filter>
    </ClCompile>
    <ClCompile Include="cong_ui.c">
      <Filter>Source Files</Filter>
    </ClCompile>
    <ClCompile Include="dive_ui.c">
      <Filter>Source Files</Filter>
    </ClCompile>
    <ClCompile Include="divegcd.c">
      <Filter>Source Files</Filter>
    </ClCompile>
    <ClCompile Include="divexact.c">
      <Filter>Source Files</Filter>
    </ClCompile>
    <ClCompile Include="divis.c">
      <Filter>Source Files</Filter>
    </ClCompile>
    <ClCompile Include="divis_2exp.c">
      <Filter>Source Files</Filter>
    </ClCompile>
    <ClCompile Include="divis_ui.c">
      <Filter>Source Files</Filter>
    </ClCompile>
    <ClCompile Include="dump.c">
      <Filter>Source Files</Filter>
    </ClCompile>
    <ClCompile Include="export.c">
      <Filter>Source Files</Filter>
    </ClCompile>
    <ClCompile Include="fac_ui.c">
      <Filter>Source Files</Filter>
    </ClCompile>
    <ClCompile Include="fdiv_q.c">
      <Filter>Source Files</Filter>
    </ClCompile>
    <ClCompile Include="fdiv_q_ui.c">
      <Filter>Source Files</Filter>
    </ClCompile>
    <ClCompile Include="fdiv_qr.c">
      <Filter>Source Files</Filter>
    </ClCompile>
    <ClCompile Include="fdiv_qr_ui.c">
      <Filter>Source Files</Filter>
    </ClCompile>
    <ClCompile Include="fdiv_r.c">
      <Filter>Source Files</Filter>
    </ClCompile>
    <ClCompile Include="fdiv_r_ui.c">
      <Filter>Source Files</Filter>
    </ClCompile>
    <ClCompile Include="fdiv_ui.c">
      <Filter>Source Files</Filter>
    </ClCompile>
    <ClCompile Include="fib_ui.c">
      <Filter>Source Files</Filter>
    </ClCompile>
    <ClCompile Include="fib2_ui.c">
      <Filter>Source Files</Filter>
    </ClCompile>
    <ClCompile Include="fits_sint.c">
      <Filter>Source Files</Filter>
    </ClCompile>
    <ClCompile Include="fits_slong.c">
      <Filter>Source Files</Filter>
    </ClCompile>
    <ClCompile Include="fits_sshort.c">
      <Filter>Source Files</Filter>
    </ClCompile>
    <ClCompile Include="fits_uint.c">
      <Filter>Source Files</Filter>
    </ClCompile>
    <ClCompile Include="fits_ulong.c">
      <Filter>Source Files</Filter>
    </ClCompile>
    <ClCompile Include="fits_ushort.c">
      <Filter>Source Files</Filter>
    </ClCompile>
    <ClCompile Include="gcd.c">
      <Filter>Source Files</Filter>
    </ClCompile>
    <ClCompile Include="gcd_ui.c">
      <Filter>Source Files</Filter>
    </ClCompile>
    <ClCompile Include="gcdext.c">
      <Filter>Source Files</Filter>
    </ClCompile>
    <ClCompile Include="get_d.c">
      <Filter>Source Files</Filter>
    </ClCompile>
    <ClCompile Include="get_d_2exp.c">
      <Filter>Source Files</Filter>
    </ClCompile>
    <ClCompile Include="get_si.c">
      <Filter>Source Files</Filter>
    </ClCompile>
    <ClCompile Include="get_str.c">
      <Filter>Source Files</Filter>
    </ClCompile>
    <ClCompile Include="getlimbn.c">
      <Filter>Source Files</Filter>
    </ClCompile>
    <ClCompile Include="hamdist.c">
      <Filter>Source Files</Filter>
    </ClCompile>
    <ClCompile Include="import.c">
      <Filter>Source Files</Filter>
    </ClCompile>
    <ClCompile Include="init.c">
      <Filter>Source Files</Filter>
    </ClCompile>
    <ClCompile Include="init2.c">
      <Filter>Source Files</Filter>
    </ClCompile>
    <ClCompile Include="inits.c">
      <Filter>Source Files</Filter>
    </ClCompile>
    <ClCompile Include="inp_raw.c">
      <Filter>Source Files</Filter>
    </ClCompile>
    <ClCompile Include="inp_str.c">
      <Filter>Source Files</Filter>
    </ClCompile>
    <ClCompile Include="invert.c">
      <Filter>Source Files</Filter>
    </ClCompile>
    <ClCompile Include="ior.c">
      <Filter>Source Files</Filter>
    </ClCompile>
    <ClCompile Include="iset.c">
      <Filter>Source Files</Filter>
    </ClCompile>
    <ClCompile Include="iset_d.c">
      <Filter>Source Files</Filter>
    </ClCompile>
    <ClCompile Include="iset_si.c">
      <Filter>Source Files</Filter>
    </ClCompile>
    <ClCompile Include="iset_str.c">
      <Filter>Source Files</Filter>
    </ClCompile>
    <ClCompile Include="iset_ui.c">
      <Filter>Source Files</Filter>
    </ClCompile>
    <ClCompile Include="jacobi.c">
      <Filter>Source Files</Filter>
    </ClCompile>
    <ClCompile Include="kronsz.c">
      <Filter>Source Files</Filter>
    </ClCompile>
    <ClCompile Include="kronuz.c">
      <Filter>Source Files</Filter>
    </ClCompile>
    <ClCompile Include="kronzs.c">
      <Filter>Source Files</Filter>
    </ClCompile>
    <ClCompile Include="kronzu.c">
      <Filter>Source Files</Filter>
    </ClCompile>
    <ClCompile Include="lcm.c">
      <Filter>Source Files</Filter>
    </ClCompile>
    <ClCompile Include="lcm_ui.c">
      <Filter>Source Files</Filter>
    </ClCompile>
    <ClCompile Include="limbs_finish.c">
      <Filter>Source Files</Filter>
    </ClCompile>
    <ClCompile Include="limbs_modify.c">
      <Filter>Source Files</Filter>
    </ClCompile>
    <ClCompile Include="limbs_read.c">
      <Filter>Source Files</Filter>
    </ClCompile>
    <ClCompile Include="limbs_write.c">
      <Filter>Source Files</Filter>
    </ClCompile>
    <ClCompile Include="lucmod.c">
      <Filter>Source Files</Filter>
    </ClCompile>
    <ClCompile Include="lucnum_ui.c">
      <Filter>Source Files</Filter>
    </ClCompile>
    <ClCompile Include="lucnum2_ui.c">
      <Filter>Source Files</Filter>
    </ClCompile>
    <ClCompile Include="mfac_uiui.c">
      <Filter>Source Files</Filter>
    </ClCompile>
    <ClCompile Include="millerrabin.c">
      <Filter>Source Files</Filter>
    </ClCompile>
    <ClCompile Include="mod.c">
      <Filter>Source Files</Filter>
    </ClCompile>
    <ClCompile Include="mul.c">
      <Filter>Source Files</Filter>
    </ClCompile>
    <ClCompile Include="mul_2exp.c">
      <Filter>Source Files</Filter>
    </ClCompile>
    <ClCompile Include="..\..\..\..\..\..\..\Users\alexh\Downloads\gmp-6.2.1\gmp-6.2.1\mpz\aorsmul_i.c">
      <Filter>Source Files</Filter>
    </ClCompile>
    <ClCompile Include="..\..\..\..\..\..\..\Users\alexh\Downloads\gmp-6.2.1\gmp-6.2.1\mpz\pprime_p.c">
      <Filter>Source Files</Filter>
    </ClCompile>
  </ItemGroup>
</Project>